PODS:
  - flutter_webrtc (1.5.2-roammand.1):
    - FlutterMacOS
    - WebRTC-SDK (= 144.7559.09)
  - FlutterMacOS (1.0.0)
  - WebRTC-SDK (144.7559.09)

DEPENDENCIES:
  - flutter_webrtc (from `Flutter/ephemeral/.symlinks/plugins/flutter_webrtc/macos`)
  - FlutterMacOS (from `Flutter/ephemeral`)

SPEC REPOS:
  trunk:
    - WebRTC-SDK

EXTERNAL SOURCES:
  flutter_webrtc:
    :path: Flutter/ephemeral/.symlinks/plugins/flutter_webrtc/macos
  FlutterMacOS:
    :path: Flutter/ephemeral

SPEC CHECKSUMS:
  flutter_webrtc: 54847a47b8a6fc7e2043090828bd95be3d99c6e9
  FlutterMacOS: d0db08ddef1a9af05a5ec4b724367152bb0500b1
  WebRTC-SDK: e6006119cd730d6315d875e4a421b6cc8bb88833

PODFILE CHECKSUM: d3b96de57e71872ddf96d04aac0e0cedee35c484

COCOAPODS: 1.16.2
